{
  "name": "nodejsapp",
  "version": "1.0.0",
  "lockfileVersion": 2,
  "requires": true,
  "packages": {
    "": {
      "name": "nodejsapp",
      "version": "1.0.0",
      "dependencies": {
        "algoliasearch": "^4.13.0",
        "string-hash": "^1.1.3"
      },
      "devDependencies": {
        "qunit": "^2.18.0"
      }
    },
    "node_modules/@algolia/cache-browser-local-storage": {
      "version": "4.13.0",
      "license": "MIT",
      "dependencies": {
        "@algolia/cache-common": "4.13.0"
      }
    },
    "node_modules/@algolia/cache-common": {
      "version": "4.13.0",
      "license": "MIT"
    },
    "node_modules/@algolia/cache-in-memory": {
      "version": "4.13.0",
      "license": "MIT",
      "dependencies": {
        "@algolia/cache-common": "4.13.0"
      }
    },
    "node_modules/@algolia/client-account": {
      "version": "4.13.0",
      "license": "MIT",
      "dependencies": {
        "@algolia/client-common": "4.13.0",
        "@algolia/client-search": "4.13.0",
        "@algolia/transporter": "4.13.0"
      }
    },
    "node_modules/@algolia/client-analytics": {
      "version": "4.13.0",
      "license": "MIT",
      "dependencies": {
        "@algolia/client-common": "4.13.0",
        "@algolia/client-search": "4.13.0",
        "@algolia/requester-common": "4.13.0",
        "@algolia/transporter": "4.13.0"
      }
    },
    "node_modules/@algolia/client-common": {
      "version": "4.13.0",
      "license": "MIT",
      "dependencies": {
        "@algolia/requester-common": "4.13.0",
        "@algolia/transporter": "4.13.0"
      }
    },
    "node_modules/@algolia/client-personalization": {
      "version": "4.13.0",
      "license": "MIT",
      "dependencies": {
        "@algolia/client-common": "4.13.0",
        "@algolia/requester-common": "4.13.0",
        "@algolia/transporter": "4.13.0"
      }
    },
    "node_modules/@algolia/client-search": {
      "version": "4.13.0",
      "license": "MIT",
      "dependencies": {
        "@algolia/client-common": "4.13.0",
        "@algolia/requester-common": "4.13.0",
        "@algolia/transporter": "4.13.0"
      }
    },
    "node_modules/@algolia/logger-common": {
      "version": "4.13.0",
      "license": "MIT"
    },
    "node_modules/@algolia/logger-console": {
      "version": "4.13.0",
      "license": "MIT",
      "dependencies": {
        "@algolia/logger-common": "4.13.0"
      }
    },
    "node_modules/@algolia/requester-browser-xhr": {
      "version": "4.13.0",
      "license": "MIT",
      "dependencies": {
        "@algolia/requester-common": "4.13.0"
      }
    },
    "node_modules/@algolia/requester-common": {
      "version": "4.13.0",
      "license": "MIT"
    },
    "node_modules/@algolia/requester-node-http": {
      "version": "4.13.0",
      "license": "MIT",
      "dependencies": {
        "@algolia/requester-common": "4.13.0"
      }
    },
    "node_modules/@algolia/transporter": {
      "version": "4.13.0",
      "license": "MIT",
      "dependencies": {
        "@algolia/cache-common": "4.13.0",
        "@algolia/logger-common": "4.13.0",
        "@algolia/requester-common": "4.13.0"
      }
    },
    "node_modules/algoliasearch": {
      "version": "4.13.0",
      "license": "MIT",
      "dependencies": {
        "@algolia/cache-browser-local-storage": "4.13.0",
        "@algolia/cache-common": "4.13.0",
        "@algolia/cache-in-memory": "4.13.0",
        "@algolia/client-account": "4.13.0",
        "@algolia/client-analytics": "4.13.0",
        "@algolia/client-common": "4.13.0",
        "@algolia/client-personalization": "4.13.0",
        "@algolia/client-search": "4.13.0",
        "@algolia/logger-common": "4.13.0",
        "@algolia/logger-console": "4.13.0",
        "@algolia/requester-browser-xhr": "4.13.0",
        "@algolia/requester-common": "4.13.0",
        "@algolia/requester-node-http": "4.13.0",
        "@algolia/transporter": "4.13.0"
      }
    },
    "node_modules/commander": {
      "version": "7.2.0",
      "dev": true,
      "license": "MIT",
      "engines": {
        "node": ">= 10"
      }
    },
    "node_modules/globalyzer": {
      "version": "0.1.0",
      "dev": true,
      "license": "MIT"
    },
    "node_modules/globrex": {
      "version": "0.1.2",
      "dev": true,
      "license": "MIT"
    },
    "node_modules/node-watch": {
      "version": "0.7.3",
      "dev": true,
      "license": "MIT",
      "engines": {
        "node": ">=6"
      }
    },
    "node_modules/qunit": {
      "version": "2.18.1",
      "dev": true,
      "license": "MIT",
      "dependencies": {
        "commander": "7.2.0",
        "node-watch": "0.7.3",
        "tiny-glob": "0.2.9"
      },
      "bin": {
        "qunit": "bin/qunit.js"
      },
      "engines": {
        "node": ">=10"
      }
    },
    "node_modules/string-hash": {
      "version": "1.1.3",
      "license": "CC0-1.0"
    },
    "node_modules/tiny-glob": {
      "version": "0.2.9",
      "dev": true,
      "license": "MIT",
      "dependencies": {
        "globalyzer": "0.1.0",
        "globrex": "^0.1.2"
      }
    }
  },
  "dependencies": {
    "@algolia/cache-browser-local-storage": {
      "version": "4.13.0",
      "requires": {
        "@algolia/cache-common": "4.13.0"
      }
    },
    "@algolia/cache-common": {
      "version": "4.13.0"
    },
    "@algolia/cache-in-memory": {
      "version": "4.13.0",
      "requires": {
        "@algolia/cache-common": "4.13.0"
      }
    },
    "@algolia/client-account": {
      "version": "4.13.0",
      "requires": {
        "@algolia/client-common": "4.13.0",
        "@algolia/client-search": "4.13.0",
        "@algolia/transporter": "4.13.0"
      }
    },
    "@algolia/client-analytics": {
      "version": "4.13.0",
      "requires": {
        "@algolia/client-common": "4.13.0",
        "@algolia/client-search": "4.13.0",
        "@algolia/requester-common": "4.13.0",
        "@algolia/transporter": "4.13.0"
      }
    },
    "@algolia/client-common": {
      "version": "4.13.0",
      "requires": {
        "@algolia/requester-common": "4.13.0",
        "@algolia/transporter": "4.13.0"
      }
    },
    "@algolia/client-personalization": {
      "version": "4.13.0",
      "requires": {
        "@algolia/client-common": "4.13.0",
        "@algolia/requester-common": "4.13.0",
        "@algolia/transporter": "4.13.0"
      }
    },
    "@algolia/client-search": {
      "version": "4.13.0",
      "requires": {
        "@algolia/client-common": "4.13.0",
        "@algolia/requester-common": "4.13.0",
        "@algolia/transporter": "4.13.0"
      }
    },
    "@algolia/logger-common": {
      "version": "4.13.0"
    },
    "@algolia/logger-console": {
      "version": "4.13.0",
      "requires": {
        "@algolia/logger-common": "4.13.0"
      }
    },
    "@algolia/requester-browser-xhr": {
      "version": "4.13.0",
      "requires": {
        "@algolia/requester-common": "4.13.0"
      }
    },
    "@algolia/requester-common": {
      "version": "4.13.0"
    },
    "@algolia/requester-node-http": {
      "version": "4.13.0",
      "requires": {
        "@algolia/requester-common": "4.13.0"
      }
    },
    "@algolia/transporter": {
      "version": "4.13.0",
      "requires": {
        "@algolia/cache-common": "4.13.0",
        "@algolia/logger-common": "4.13.0",
        "@algolia/requester-common": "4.13.0"
      }
    },
    "algoliasearch": {
      "version": "4.13.0",
      "requires": {
        "@algolia/cache-browser-local-storage": "4.13.0",
        "@algolia/cache-common": "4.13.0",
        "@algolia/cache-in-memory": "4.13.0",
        "@algolia/client-account": "4.13.0",
        "@algolia/client-analytics": "4.13.0",
        "@algolia/client-common": "4.13.0",
        "@algolia/client-personalization": "4.13.0",
        "@algolia/client-search": "4.13.0",
        "@algolia/logger-common": "4.13.0",
        "@algolia/logger-console": "4.13.0",
        "@algolia/requester-browser-xhr": "4.13.0",
        "@algolia/requester-common": "4.13.0",
        "@algolia/requester-node-http": "4.13.0",
        "@algolia/transporter": "4.13.0"
      }
    },
    "commander": {
      "version": "7.2.0",
      "dev": true
    },
    "globalyzer": {
      "version": "0.1.0",
      "dev": true
    },
    "globrex": {
      "version": "0.1.2",
      "dev": true
    },
    "node-watch": {
      "version": "0.7.3",
      "dev": true
    },
    "qunit": {
      "version": "2.18.1",
      "dev": true,
      "requires": {
        "commander": "7.2.0",
        "node-watch": "0.7.3",
        "tiny-glob": "0.2.9"
      }
    },
    "string-hash": {
      "version": "1.1.3"
    },
    "tiny-glob": {
      "version": "0.2.9",
      "dev": true,
      "requires": {
        "globalyzer": "0.1.0",
        "globrex": "^0.1.2"
      }
    }
  }
}
